// !$*UTF8*$!
{
	archiveVersion = 1;
	classes = {
	};
	objectVersion = 50;
	objects = {

/* Begin PBXBuildFile section */
		214F9FC325C86150002473EB /* MainMenuView.swift in Sources */ = {isa = PBXBuildFile; fileRef = 214F9FC225C86150002473EB /* MainMenuView.swift */; };
		21D0C91625C6E71300AF9F36 /* UI_practiceApp.swift in Sources */ = {isa = PBXBuildFile; fileRef = 21D0C91525C6E71300AF9F36 /* UI_practiceApp.swift */; };
		21D0C91825C6E71300AF9F36 /* ContentView.swift in Sources */ = {isa = PBXBuildFile; fileRef = 21D0C91725C6E71300AF9F36 /* ContentView.swift */; };
		21D0C91A25C6E71400AF9F36 /* Assets.xcassets in Resources */ = {isa = PBXBuildFile; fileRef = 21D0C91925C6E71400AF9F36 /* Assets.xcassets */; };
		21D0C91D25C6E71400AF9F36 /* Preview Assets.xcassets in Resources */ = {isa = PBXBuildFile; fileRef = 21D0C91C25C6E71400AF9F36 /* Preview Assets.xcassets */; };
		21D0C92825C6E71400AF9F36 /* UI_practiceTests.swift in Sources */ = {isa = PBXBuildFile; fileRef = 21D0C92725C6E71400AF9F36 /* UI_practiceTests.swift */; };
		21D0C93325C6E71400AF9F36 /* UI_practiceUITests.swift in Sources */ = {isa = PBXBuildFile; fileRef = 21D0C93225C6E71400AF9F36 /* UI_practiceUITests.swift */; };
/* End PBXBuildFile section */

/* Begin PBXContainerItemProxy section */
		21D0C92425C6E71400AF9F36 /* PBXContainerItemProxy */ = {
			isa = PBXContainerItemProxy;
			containerPortal = 21D0C90A25C6E71300AF9F36 /* Project object */;
			proxyType = 1;
			remoteGlobalIDString = 21D0C91125C6E71300AF9F36;
			remoteInfo = UI_practice;
		};
		21D0C92F25C6E71400AF9F36 /* PBXContainerItemProxy */ = {
			isa = PBXContainerItemProxy;
			containerPortal = 21D0C90A25C6E71300AF9F36 /* Project object */;
			proxyType = 1;
			remoteGlobalIDString = 21D0C91125C6E71300AF9F36;
			remoteInfo = UI_practice;
		};
/* End PBXContainerItemProxy section */

/* Begin PBXFileReference section */
		214F9FC225C86150002473EB /* MainMenuView.swift */ = {isa = PBXFileReference; lastKnownFileType = sourcecode.swift; path = MainMenuView.swift; sourceTree = "<group>"; };
		21D0C91225C6E71300AF9F36 /* UI_practice.app */ = {isa = PBXFileReference; explicitFileType = wrapper.application; includeInIndex = 0; path = UI_practice.app; sourceTree = BUILT_PRODUCTS_DIR; };
		21D0C91525C6E71300AF9F36 /* UI_practiceApp.swift */ = {isa = PBXFileReference; lastKnownFileType = sourcecode.swift; path = UI_practiceApp.swift; sourceTree = "<group>"; };
		21D0C91725C6E71300AF9F36 /* ContentView.swift */ = {isa = PBXFileReference; lastKnownFileType = sourcecode.swift; path = ContentView.swift; sourceTree = "<group>"; };
		21D0C91925C6E71400AF9F36 /* Assets.xcassets */ = {isa = PBXFileReference; lastKnownFileType = folder.assetcatalog; path = Assets.xcassets; sourceTree = "<group>"; };
		21D0C91C25C6E71400AF9F36 /* Preview Assets.xcassets */ = {isa = PBXFileReference; lastKnownFileType = folder.assetcatalog; path = "Preview Assets.xcassets"; sourceTree = "<group>"; };
		21D0C91E25C6E71400AF9F36 /* Info.plist */ = {isa = PBXFileReference; lastKnownFileType = text.plist.xml; path = Info.plist; sourceTree = "<group>"; };
		21D0C92325C6E71400AF9F36 /* UI_practiceTests.xctest */ = {isa = PBXFileReference; explicitFileType = wrapper.cfbundle; includeInIndex = 0; path = UI_practiceTests.xctest; sourceTree = BUILT_PRODUCTS_DIR; };
		21D0C92725C6E71400AF9F36 /* UI_practiceTests.swift */ = {isa = PBXFileReference; lastKnownFileType = sourcecode.swift; path = UI_practiceTests.swift; sourceTree = "<group>"; };
		21D0C92925C6E71400AF9F36 /* Info.plist */ = {isa = PBXFileReference; lastKnownFileType = text.plist.xml; path = Info.plist; sourceTree = "<group>"; };
		21D0C92E25C6E71400AF9F36 /* UI_practiceUITests.xctest */ = {isa = PBXFileReference; explicitFileType = wrapper.cfbundle; includeInIndex = 0; path = UI_practiceUITests.xctest; sourceTree = BUILT_PRODUCTS_DIR; };
		21D0C93225C6E71400AF9F36 /* UI_practiceUITests.swift */ = {isa = PBXFileReference; lastKnownFileType = sourcecode.swift; path = UI_practiceUITests.swift; sourceTree = "<group>"; };
		21D0C93425C6E71400AF9F36 /* Info.plist */ = {isa = PBXFileReference; lastKnownFileType = text.plist.xml; path = Info.plist; sourceTree = "<group>"; };
/* End PBXFileReference section */

/* Begin PBXFrameworksBuildPhase section */
		21D0C90F25C6E71300AF9F36 /* Frameworks */ = {
			isa = PBXFrameworksBuildPhase;
			buildActionMask = 2147483647;
			files = (
			);
			runOnlyForDeploymentPostprocessing = 0;
		};
		21D0C92025C6E71400AF9F36 /* Frameworks */ = {
			isa = PBXFrameworksBuildPhase;
			buildActionMask = 2147483647;
			files = (
			);
			runOnlyForDeploymentPostprocessing = 0;
		};
		21D0C92B25C6E71400AF9F36 /* Frameworks */ = {
			isa = PBXFrameworksBuildPhase;
			buildActionMask = 2147483647;
			files = (
			);
			runOnlyForDeploymentPostprocessing = 0;
		};
/* End PBXFrameworksBuildPhase section */

/* Begin PBXGroup section */
		21D0C90925C6E71300AF9F36 = {
			isa = PBXGroup;
			children = (
				21D0C91425C6E71300AF9F36 /* UI_practice */,
				21D0C92625C6E71400AF9F36 /* UI_practiceTests */,
				21D0C93125C6E71400AF9F36 /* UI_practiceUITests */,
				21D0C91325C6E71300AF9F36 /* Products */,
			);
			sourceTree = "<group>";
		};
		21D0C91325C6E71300AF9F36 /* Products */ = {
			isa = PBXGroup;
			children = (
				21D0C91225C6E71300AF9F36 /* UI_practice.app */,
				21D0C92325C6E71400AF9F36 /* UI_practiceTests.xctest */,
				21D0C92E25C6E71400AF9F36 /* UI_practiceUITests.xctest */,
			);
			name = Products;
			sourceTree = "<group>";
		};
		21D0C91425C6E71300AF9F36 /* UI_practice */ = {
			isa = PBXGroup;
			children = (
				21D0C91525C6E71300AF9F36 /* UI_practiceApp.swift */,
				21D0C91725C6E71300AF9F36 /* ContentView.swift */,
				214F9FC225C86150002473EB /* MainMenuView.swift */,
				21D0C91925C6E71400AF9F36 /* Assets.xcassets */,
				21D0C91E25C6E71400AF9F36 /* Info.plist */,
				21D0C91B25C6E71400AF9F36 /* Preview Content */,
			);
			path = UI_practice;
			sourceTree = "<group>";
		};
		21D0C91B25C6E71400AF9F36 /* Preview Content */ = {
			isa = PBXGroup;
			children = (
				21D0C91C25C6E71400AF9F36 /* Preview Assets.xcassets */,
			);
			path = "Preview Content";
			sourceTree = "<group>";
		};
		21D0C92625C6E71400AF9F36 /* UI_practiceTests */ = {
			isa = PBXGroup;
			children = (
				21D0C92725C6E71400AF9F36 /* UI_practiceTests.swift */,
				21D0C92925C6E71400AF9F36 /* Info.plist */,
			);
			path = UI_practiceTests;
			sourceTree = "<group>";
		};
		21D0C93125C6E71400AF9F36 /* UI_practiceUITests */ = {
			isa = PBXGroup;
			children = (
				21D0C93225C6E71400AF9F36 /* UI_practiceUITests.swift */,
				21D0C93425C6E71400AF9F36 /* Info.plist */,
			);
			path = UI_practiceUITests;
			sourceTree = "<group>";
		};
/* End PBXGroup section */

/* Begin PBXNativeTarget section */
		21D0C91125C6E71300AF9F36 /* UI_practice */ = {
			isa = PBXNativeTarget;
			buildConfigurationList = 21D0C93725C6E71400AF9F36 /* Build configuration list for PBXNativeTarget "UI_practice" */;
			buildPhases = (
				21D0C90E25C6E71300AF9F36 /* Sources */,
				21D0C90F25C6E71300AF9F36 /* Frameworks */,
				21D0C91025C6E71300AF9F36 /* Resources */,
			);
			buildRules = (
			);
			dependencies = (
			);
			name = UI_practice;
			productName = UI_practice;
			productReference = 21D0C91225C6E71300AF9F36 /* UI_practice.app */;
			productType = "com.apple.product-type.application";
		};
		21D0C92225C6E71400AF9F36 /* UI_practiceTests */ = {
			isa = PBXNativeTarget;
			buildConfigurationList = 21D0C93A25C6E71400AF9F36 /* Build configuration list for PBXNativeTarget "UI_practiceTests" */;
			buildPhases = (
				21D0C91F25C6E71400AF9F36 /* Sources */,
				21D0C92025C6E71400AF9F36 /* Frameworks */,
				21D0C92125C6E71400AF9F36 /* Resources */,
			);
			buildRules = (
			);
			dependencies = (
				21D0C92525C6E71400AF9F36 /* PBXTargetDependency */,
			);
			name = UI_practiceTests;
			productName = UI_practiceTests;
			productReference = 21D0C92325C6E71400AF9F36 /* UI_practiceTests.xctest */;
			productType = "com.apple.product-type.bundle.unit-test";
		};
		21D0C92D25C6E71400AF9F36 /* UI_practiceUITests */ = {
			isa = PBXNativeTarget;
			buildConfigurationList = 21D0C93D25C6E71400AF9F36 /* Build configuration list for PBXNativeTarget "UI_practiceUITests" */;
			buildPhases = (
				21D0C92A25C6E71400AF9F36 /* Sources */,
				21D0C92B25C6E71400AF9F36 /* Frameworks */,
				21D0C92C25C6E71400AF9F36 /* Resources */,
			);
			buildRules = (
			);
			dependencies = (
				21D0C93025C6E71400AF9F36 /* PBXTargetDependency */,
			);
			name = UI_practiceUITests;
			productName = UI_practiceUITests;
			productReference = 21D0C92E25C6E71400AF9F36 /* UI_practiceUITests.xctest */;
			productType = "com.apple.product-type.bundle.ui-testing";
		};
/* End PBXNativeTarget section */

/* Begin PBXProject section */
		21D0C90A25C6E71300AF9F36 /* Project object */ = {
			isa = PBXProject;
			attributes = {
				LastSwiftUpdateCheck = 1230;
				LastUpgradeCheck = 1230;
				TargetAttributes = {
					21D0C91125C6E71300AF9F36 = {
						CreatedOnToolsVersion = 12.3;
					};
					21D0C92225C6E71400AF9F36 = {
						CreatedOnToolsVersion = 12.3;
						TestTargetID = 21D0C91125C6E71300AF9F36;
					};
					21D0C92D25C6E71400AF9F36 = {
						CreatedOnToolsVersion = 12.3;
						TestTargetID = 21D0C91125C6E71300AF9F36;
					};
				};
			};
			buildConfigurationList = 21D0C90D25C6E71300AF9F36 /* Build configuration list for PBXProject "UI_practice" */;
			compatibilityVersion = "Xcode 9.3";
			developmentRegion = en;
			hasScannedForEncodings = 0;
			knownRegions = (
				en,
				Base,
			);
			mainGroup = 21D0C90925C6E71300AF9F36;
			productRefGroup = 21D0C91325C6E71300AF9F36 /* Products */;
			projectDirPath = "";
			projectRoot = "";
			targets = (
				21D0C91125C6E71300AF9F36 /* UI_practice */,
				21D0C92225C6E71400AF9F36 /* UI_practiceTests */,
				21D0C92D25C6E71400AF9F36 /* UI_practiceUITests */,
			);
		};
/* End PBXProject section */

/* Begin PBXResourcesBuildPhase section */
		21D0C91025C6E71300AF9F36 /* Resources */ = {
			isa = PBXResourcesBuildPhase;
			buildActionMask = 2147483647;
			files = (
				21D0C91D25C6E71400AF9F36 /* Preview Assets.xcassets in Resources */,
				21D0C91A25C6E71400AF9F36 /* Assets.xcassets in Resources */,
			);
			runOnlyForDeploymentPostprocessing = 0;
		};
		21D0C92125C6E71400AF9F36 /* Resources */ = {
			isa = PBXResourcesBuildPhase;
			buildActionMask = 2147483647;
			files = (
			);
			runOnlyForDeploymentPostprocessing = 0;
		};
		21D0C92C25C6E71400AF9F36 /* Resources */ = {
			isa = PBXResourcesBuildPhase;
			buildActionMask = 2147483647;
			files = (
			);
			runOnlyForDeploymentPostprocessing = 0;
		};
/* End PBXResourcesBuildPhase section */

/* Begin PBXSourcesBuildPhase section */
		21D0C90E25C6E71300AF9F36 /* Sources */ = {
			isa = PBXSourcesBuildPhase;
			buildActionMask = 2147483647;
			files = (
				214F9FC325C86150002473EB /* MainMenuView.swift in Sources */,
				21D0C91825C6E71300AF9F36 /* ContentView.swift in Sources */,
				21D0C91625C6E71300AF9F36 /* UI_practiceApp.swift in Sources */,
			);
			runOnlyForDeploymentPostprocessing = 0;
		};
		21D0C91F25C6E71400AF9F36 /* Sources */ = {
			isa = PBXSourcesBuildPhase;
			buildActionMask = 2147483647;
			files = (
				21D0C92825C6E71400AF9F36 /* UI_practiceTests.swift in Sources */,
			);
			runOnlyForDeploymentPostprocessing = 0;
		};
		21D0C92A25C6E71400AF9F36 /* Sources */ = {
			isa = PBXSourcesBuildPhase;
			buildActionMask = 2147483647;
			files = (
				21D0C93325C6E71400AF9F36 /* UI_practiceUITests.swift in Sources */,
			);
			runOnlyForDeploymentPostprocessing = 0;
		};
/* End PBXSourcesBuildPhase section */

/* Begin PBXTargetDependency section */
		21D0C92525C6E71400AF9F36 /* PBXTargetDependency */ = {
			isa = PBXTargetDependency;
			target = 21D0C91125C6E71300AF9F36 /* UI_practice */;
			targetProxy = 21D0C92425C6E71400AF9F36 /* PBXContainerItemProxy */;
		};
		21D0C93025C6E71400AF9F36 /* PBXTargetDependency */ = {
			isa = PBXTargetDependency;
			target = 21D0C91125C6E71300AF9F36 /* UI_practice */;
			targetProxy = 21D0C92F25C6E71400AF9F36 /* PBXContainerItemProxy */;
		};
/* End PBXTargetDependency section */

/* Begin XCBuildConfiguration section */
		21D0C93525C6E71400AF9F36 /* Debug */ = {
			isa = XCBuildConfiguration;
			buildSettings = {
				ALWAYS_SEARCH_USER_PATHS = NO;
				CLANG_ANALYZER_NONNULL = YES;
				CLANG_ANALYZER_NUMBER_OBJECT_CONVERSION = YES_AGGRESSIVE;
				CLANG_CXX_LANGUAGE_STANDARD = "gnu++14";
				CLANG_CXX_LIBRARY = "libc++";
				CLANG_ENABLE_MODULES = YES;
				CLANG_ENABLE_OBJC_ARC = YES;
				CLANG_ENABLE_OBJC_WEAK = YES;
				CLANG_WARN_BLOCK_CAPTURE_AUTORELEASING = YES;
				CLANG_WARN_BOOL_CONVERSION = YES;
				CLANG_WARN_COMMA = YES;
				CLANG_WARN_CONSTANT_CONVERSION = YES;
				CLANG_WARN_DEPRECATED_OBJC_IMPLEMENTATIONS = YES;
				CLANG_WARN_DIRECT_OBJC_ISA_USAGE = YES_ERROR;
				CLANG_WARN_DOCUMENTATION_COMMENTS = YES;
				CLANG_WARN_EMPTY_BODY = YES;
				CLANG_WARN_ENUM_CONVERSION = YES;
				CLANG_WARN_INFINITE_RECURSION = YES;
				CLANG_WARN_INT_CONVERSION = YES;
				CLANG_WARN_NON_LITERAL_NULL_CONVERSION = YES;
				CLANG_WARN_OBJC_IMPLICIT_RETAIN_SELF = YES;
				CLANG_WARN_OBJC_LITERAL_CONVERSION = YES;
				CLANG_WARN_OBJC_ROOT_CLASS = YES_ERROR;
				CLANG_WARN_QUOTED_INCLUDE_IN_FRAMEWORK_HEADER = YES;
				CLANG_WARN_RANGE_LOOP_ANALYSIS = YES;
				CLANG_WARN_STRICT_PROTOTYPES = YES;
				CLANG_WARN_SUSPICIOUS_MOVE = YES;
				CLANG_WARN_UNGUARDED_AVAILABILITY = YES_AGGRESSIVE;
				CLANG_WARN_UNREACHABLE_CODE = YES;
				CLANG_WARN__DUPLICATE_METHOD_MATCH = YES;
				COPY_PHASE_STRIP = NO;
				DEBUG_INFORMATION_FORMAT = dwarf;
				ENABLE_STRICT_OBJC_MSGSEND = YES;
				ENABLE_TESTABILITY = YES;
				GCC_C_LANGUAGE_STANDARD = gnu11;
				GCC_DYNAMIC_NO_PIC = NO;
				GCC_NO_COMMON_BLOCKS = YES;
				GCC_OPTIMIZATION_LEVEL = 0;
				GCC_PREPROCESSOR_DEFINITIONS = (
					"DEBUG=1",
					"$(inherited)",
				);
				GCC_WARN_64_TO_32_BIT_CONVERSION = YES;
				GCC_WARN_ABOUT_RETURN_TYPE = YES_ERROR;
				GCC_WARN_UNDECLARED_SELECTOR = YES;
				GCC_WARN_UNINITIALIZED_AUTOS = YES_AGGRESSIVE;
				GCC_WARN_UNUSED_FUNCTION = YES;
				GCC_WARN_UNUSED_VARIABLE = YES;
				IPHONEOS_DEPLOYMENT_TARGET = 14.3;
				MTL_ENABLE_DEBUG_INFO = INCLUDE_SOURCE;
				MTL_FAST_MATH = YES;
				ONLY_ACTIVE_ARCH = YES;
				SDKROOT = iphoneos;
				SWIFT_ACTIVE_COMPILATION_CONDITIONS = DEBUG;
				SWIFT_OPTIMIZATION_LEVEL = "-Onone";
			};
			name = Debug;
		};
		21D0C93625C6E71400AF9F36 /* Release */ = {
			isa = XCBuildConfiguration;
			buildSettings = {
				ALWAYS_SEARCH_USER_PATHS = NO;
				CLANG_ANALYZER_NONNULL = YES;
				CLANG_ANALYZER_NUMBER_OBJECT_CONVERSION = YES_AGGRESSIVE;
				CLANG_CXX_LANGUAGE_STANDARD = "gnu++14";
				CLANG_CXX_LIBRARY = "libc++";
				CLANG_ENABLE_MODULES = YES;
				CLANG_ENABLE_OBJC_ARC = YES;
				CLANG_ENABLE_OBJC_WEAK = YES;
				CLANG_WARN_BLOCK_CAPTURE_AUTORELEASING = YES;
				CLANG_WARN_BOOL_CONVERSION = YES;
				CLANG_WARN_COMMA = YES;
				CLANG_WARN_CONSTANT_CONVERSION = YES;
				CLANG_WARN_DEPRECATED_OBJC_IMPLEMENTATIONS = YES;
				CLANG_WARN_DIRECT_OBJC_ISA_USAGE = YES_ERROR;
				CLANG_WARN_DOCUMENTATION_COMMENTS = YES;
				CLANG_WARN_EMPTY_BODY = YES;
				CLANG_WARN_ENUM_CONVERSION = YES;
				CLANG_WARN_INFINITE_RECURSION = YES;
				CLANG_WARN_INT_CONVERSION = YES;
				CLANG_WARN_NON_LITERAL_NULL_CONVERSION = YES;
				CLANG_WARN_OBJC_IMPLICIT_RETAIN_SELF = YES;
				CLANG_WARN_OBJC_LITERAL_CONVERSION = YES;
				CLANG_WARN_OBJC_ROOT_CLASS = YES_ERROR;
				CLANG_WARN_QUOTED_INCLUDE_IN_FRAMEWORK_HEADER = YES;
				CLANG_WARN_RANGE_LOOP_ANALYSIS = YES;
				CLANG_WARN_STRICT_PROTOTYPES = YES;
				CLANG_WARN_SUSPICIOUS_MOVE = YES;
				CLANG_WARN_UNGUARDED_AVAILABILITY = YES_AGGRESSIVE;
				CLANG_WARN_UNREACHABLE_CODE = YES;
				CLANG_WARN__DUPLICATE_METHOD_MATCH = YES;
				COPY_PHASE_STRIP = NO;
				DEBUG_INFORMATION_FORMAT = "dwarf-with-dsym";
				ENABLE_NS_ASSERTIONS = NO;
				ENABLE_STRICT_OBJC_MSGSEND = YES;
				GCC_C_LANGUAGE_STANDARD = gnu11;
				GCC_NO_COMMON_BLOCKS = YES;
				GCC_WARN_64_TO_32_BIT_CONVERSION = YES;
				GCC_WARN_ABOUT_RETURN_TYPE = YES_ERROR;
				GCC_WARN_UNDECLARED_SELECTOR = YES;
				GCC_WARN_UNINITIALIZED_AUTOS = YES_AGGRESSIVE;
				GCC_WARN_UNUSED_FUNCTION = YES;
				GCC_WARN_UNUSED_VARIABLE = YES;
				IPHONEOS_DEPLOYMENT_TARGET = 14.3;
				MTL_ENABLE_DEBUG_INFO = NO;
				MTL_FAST_MATH = YES;
				SDKROOT = iphoneos;
				SWIFT_COMPILATION_MODE = wholemodule;
				SWIFT_OPTIMIZATION_LEVEL = "-O";
				VALIDATE_PRODUCT = YES;
			};
			name = Release;
		};
		21D0C93825C6E71400AF9F36 /* Debug */ = {
			isa = XCBuildConfiguration;
			buildSettings = {
				ASSETCATALOG_COMPILER_APPICON_NAME = AppIcon;
				ASSETCATALOG_COMPILER_GLOBAL_ACCENT_COLOR_NAME = AccentColor;
				CODE_SIGN_STYLE = Automatic;
				DEVELOPMENT_ASSET_PATHS = "\"UI_practice/Preview Content\"";
				DEVELOPMENT_TEAM = 7GQ4HC85BS;
				ENABLE_PREVIEWS = YES;
				INFOPLIST_FILE = UI_practice/Info.plist;
				IPHONEOS_DEPLOYMENT_TARGET = 14.0;
				LD_RUNPATH_SEARCH_PATHS = (
					"$(inherited)",
					"@executable_path/Frameworks",
				);
				PRODUCT_BUNDLE_IDENTIFIER = "com.tarasova.UI-practice";
				PRODUCT_NAME = "$(TARGET_NAME)";
				SWIFT_VERSION = 5.0;
				TARGETED_DEVICE_FAMILY = "1,2";
			};
			name = Debug;
		};
		21D0C93925C6E71400AF9F36 /* Release */ = {
			isa = XCBuildConfiguration;
			buildSettings = {
				ASSETCATALOG_COMPILER_APPICON_NAME = AppIcon;
				ASSETCATALOG_COMPILER_GLOBAL_ACCENT_COLOR_NAME = AccentColor;
				CODE_SIGN_STYLE = Automatic;
				DEVELOPMENT_ASSET_PATHS = "\"UI_practice/Preview Content\"";
				DEVELOPMENT_TEAM = 7GQ4HC85BS;
				ENABLE_PREVIEWS = YES;
				INFOPLIST_FILE = UI_practice/Info.plist;
				IPHONEOS_DEPLOYMENT_TARGET = 14.0;
				LD_RUNPATH_SEARCH_PATHS = (
					"$(inherited)",
					"@executable_path/Frameworks",
				);
				PRODUCT_BUNDLE_IDENTIFIER = "com.tarasova.UI-practice";
				PRODUCT_NAME = "$(TARGET_NAME)";
				SWIFT_VERSION = 5.0;
				TARGETED_DEVICE_FAMILY = "1,2";
			};
			name = Release;
		};
		21D0C93B25C6E71400AF9F36 /* Debug */ = {
			isa = XCBuildConfiguration;
			buildSettings = {
				ALWAYS_EMBED_SWIFT_STANDARD_LIBRARIES = YES;
				BUNDLE_LOADER = "$(TEST_HOST)";
				CODE_SIGN_STYLE = Automatic;
				DEVELOPMENT_TEAM = 7GQ4HC85BS;
				INFOPLIST_FILE = UI_practiceTests/Info.plist;
				IPHONEOS_DEPLOYMENT_TARGET = 14.0;
				LD_RUNPATH_SEARCH_PATHS = (
					"$(inherited)",
					"@executable_path/Frameworks",
					"@loader_path/Frameworks",
				);
				PRODUCT_BUNDLE_IDENTIFIER = "com.tarasova.UI-practiceTests";
				PRODUCT_NAME = "$(TARGET_NAME)";
				SWIFT_VERSION = 5.0;
				TARGETED_DEVICE_FAMILY = "1,2";
				TEST_HOST = "$(BUILT_PRODUCTS_DIR)/UI_practice.app/UI_practice";
			};
			name = Debug;
		};
		21D0C93C25C6E71400AF9F36 /* Release */ = {
			isa = XCBuildConfiguration;
			buildSettings = {
				ALWAYS_EMBED_SWIFT_STANDARD_LIBRARIES = YES;
				BUNDLE_LOADER = "$(TEST_HOST)";
				CODE_SIGN_STYLE = Automatic;
				DEVELOPMENT_TEAM = 7GQ4HC85BS;
				INFOPLIST_FILE = UI_practiceTests/Info.plist;
				IPHONEOS_DEPLOYMENT_TARGET = 14.0;
				LD_RUNPATH_SEARCH_PATHS = (
					"$(inherited)",
					"@executable_path/Frameworks",
					"@loader_path/Frameworks",
				);
				PRODUCT_BUNDLE_IDENTIFIER = "com.tarasova.UI-practiceTests";
				PRODUCT_NAME = "$(TARGET_NAME)";
				SWIFT_VERSION = 5.0;
				TARGETED_DEVICE_FAMILY = "1,2";
				TEST_HOST = "$(BUILT_PRODUCTS_DIR)/UI_practice.app/UI_practice";
			};
			name = Release;
		};
		21D0C93E25C6E71400AF9F36 /* Debug */ = {
			isa = XCBuildConfiguration;
			buildSettings = {
				ALWAYS_EMBED_SWIFT_STANDARD_LIBRARIES = YES;
				CODE_SIGN_STYLE = Automatic;
				DEVELOPMENT_TEAM = 7GQ4HC85BS;
				INFOPLIST_FILE = UI_practiceUITests/Info.plist;
				LD_RUNPATH_SEARCH_PATHS = (
					"$(inherited)",
					"@executable_path/Frameworks",
					"@loader_path/Frameworks",
				);
				PRODUCT_BUNDLE_IDENTIFIER = "com.tarasova.UI-practiceUITests";
				PRODUCT_NAME = "$(TARGET_NAME)";
				SWIFT_VERSION = 5.0;
				TARGETED_DEVICE_FAMILY = "1,2";
				TEST_TARGET_NAME = UI_practice;
			};
			name = Debug;
		};
		21D0C93F25C6E71400AF9F36 /* Release */ = {
			isa = XCBuildConfiguration;
			buildSettings = {
				ALWAYS_EMBED_SWIFT_STANDARD_LIBRARIES = YES;
				CODE_SIGN_STYLE = Automatic;
				DEVELOPMENT_TEAM = 7GQ4HC85BS;
				INFOPLIST_FILE = UI_practiceUITests/Info.plist;
				LD_RUNPATH_SEARCH_PATHS = (
					"$(inherited)",
					"@executable_path/Frameworks",
					"@loader_path/Frameworks",
				);
				PRODUCT_BUNDLE_IDENTIFIER = "com.tarasova.UI-practiceUITests";
				PRODUCT_NAME = "$(TARGET_NAME)";
				SWIFT_VERSION = 5.0;
				TARGETED_DEVICE_FAMILY = "1,2";
				TEST_TARGET_NAME = UI_practice;
			};
			name = Release;
		};
/* End XCBuildConfiguration section */

/* Begin XCConfigurationList section */
		21D0C90D25C6E71300AF9F36 /* Build configuration list for PBXProject "UI_practice" */ = {
			isa = XCConfigurationList;
			buildConfigurations = (
				21D0C93525C6E71400AF9F36 /* Debug */,
				21D0C93625C6E71400AF9F36 /* Release */,
			);
			defaultConfigurationIsVisible = 0;
			defaultConfigurationName = Release;
		};
		21D0C93725C6E71400AF9F36 /* Build configuration list for PBXNativeTarget "UI_practice" */ = {
			isa = XCConfigurationList;
			buildConfigurations = (
				21D0C93825C6E71400AF9F36 /* Debug */,
				21D0C93925C6E71400AF9F36 /* Release */,
			);
			defaultConfigurationIsVisible = 0;
			defaultConfigurationName = Release;
		};
		21D0C93A25C6E71400AF9F36 /* Build configuration list for PBXNativeTarget "UI_practiceTests" */ = {
			isa = XCConfigurationList;
			buildConfigurations = (
				21D0C93B25C6E71400AF9F36 /* Debug */,
				21D0C93C25C6E71400AF9F36 /* Release */,
			);
			defaultConfigurationIsVisible = 0;
			defaultConfigurationName = Release;
		};
		21D0C93D25C6E71400AF9F36 /* Build configuration list for PBXNativeTarget "UI_practiceUITests" */ = {
			isa = XCConfigurationList;
			buildConfigurations = (
				21D0C93E25C6E71400AF9F36 /* Debug */,
				21D0C93F25C6E71400AF9F36 /* Release */,
			);
			defaultConfigurationIsVisible = 0;
			defaultConfigurationName = Release;
		};
/* End XCConfigurationList section */
	};
	rootObject = 21D0C90A25C6E71300AF9F36 /* Project object */;
}
